
Microsoft Visual Studio Solution File, Format Version 12.00
# Visual Studio Version 16
VisualStudioVersion = 16.0.29001.49
MinimumVisualStudioVersion = 10.0.40219.1
Project("{9A19103F-16F7-4668-BE54-9A1E7A4F7556}") = "albiondata-sql-dotNet", "albiondata-sql-dotNet\albiondata-sql-dotNet.csproj", "{B240BAF9-8E31-472D-A64E-88ED391E5624}"
EndProject
Project("{2150E333-8FDC-42A3-9474-1A3956D46DE8}") = "Solution Items", "Solution Items", "{1B79CAFB-CDA9-4BED-AC9D-424F72A775C9}"
	ProjectSection(SolutionItems) = preProject
		migration.sql = migration.sql
	EndProjectSection
EndProject
Global
	GlobalSection(SolutionConfigurationPlatforms) = preSolution
		Debug|Any CPU = Debug|Any CPU
		Release|Any CPU = Release|Any CPU
	EndGlobalSection
	GlobalSection(ProjectConfigurationPlatforms) = postSolution
		{B240BAF9-8E31-472D-A64E-88ED391E5624}.Debug|Any CPU.ActiveCfg = Debug|Any CPU
		{B240BAF9-8E31-472D-A64E-88ED391E5624}.Debug|Any CPU.Build.0 = Debug|Any CPU
		{B240BAF9-8E31-472D-A64E-88ED391E5624}.Release|Any CPU.ActiveCfg = Release|Any CPU
		{B240BAF9-8E31-472D-A64E-88ED391E5624}.Release|Any CPU.Build.0 = Release|Any CPU
	EndGlobalSection
	GlobalSection(SolutionProperties) = preSolution
		HideSolutionNode = FALSE
	EndGlobalSection
	GlobalSection(ExtensibilityGlobals) = postSolution
		SolutionGuid = {22C0F1E7-63FC-4E96-85EE-B0D6EC6B414C}
	EndGlobalSection
EndGlobal
